
Microsoft Visual Studio Solution File, Format Version 11.00
# Visual Studio 2010
Project("{F2A71F9B-5D33-465A-A702-920D77279786}") = "NDjangoParser2010", "..\NDjangoParser\NDjangoParser2010.fsproj", "{B75384C4-C545-4511-A7FE-93D438B8AFA4}"
EndProject
Project("{FAE04EC0-301F-11D3-BF4B-00C04F79EFBC}") = "NDjangoParserFilters2010", "..\NDjangoParserFilters\NDjangoParserFilters2010.csproj", "{89DC9575-C706-4D0D-944A-79E5865FFE88}"
EndProject
Project("{FAE04EC0-301F-11D3-BF4B-00C04F79EFBC}") = "BistroIntegration", "..\..\Integration\BistroIntegration\BistroIntegration.csproj", "{2A3CC2FE-AB0E-44F6-B1CB-3290581DA442}"
	ProjectSection(ProjectDependencies) = postProject
		{89DC9575-C706-4D0D-944A-79E5865FFE88} = {89DC9575-C706-4D0D-944A-79E5865FFE88}
		{B75384C4-C545-4511-A7FE-93D438B8AFA4} = {B75384C4-C545-4511-A7FE-93D438B8AFA4}
	EndProjectSection
EndProject
Project("{FAE04EC0-301F-11D3-BF4B-00C04F79EFBC}") = "ASPMVCIntegration", "..\..\Integration\ASP.MVC\ASPMVCIntegration.csproj", "{F8D5E545-691B-4743-9177-3FF50CC67E74}"
	ProjectSection(ProjectDependencies) = postProject
		{89DC9575-C706-4D0D-944A-79E5865FFE88} = {89DC9575-C706-4D0D-944A-79E5865FFE88}
		{B75384C4-C545-4511-A7FE-93D438B8AFA4} = {B75384C4-C545-4511-A7FE-93D438B8AFA4}
	EndProjectSection
EndProject
Project("{930C7802-8A8C-48F9-8165-68863BCCD9DD}") = "NDjangoSetupWix2010", "NDjangoSetupWix2010.wixproj", "{121FDA60-757A-4F44-8F1C-6EDAB80B6102}"
EndProject
Global
	GlobalSection(SolutionConfigurationPlatforms) = preSolution
		Debug|Any CPU = Debug|Any CPU
		Debug|Mixed Platforms = Debug|Mixed Platforms
		Debug|x86 = Debug|x86
		Release|Any CPU = Release|Any CPU
		Release|Mixed Platforms = Release|Mixed Platforms
		Release|x86 = Release|x86
	EndGlobalSection
	GlobalSection(ProjectConfigurationPlatforms) = postSolution
		{B75384C4-C545-4511-A7FE-93D438B8AFA4}.Debug|Any CPU.ActiveCfg = Debug|Any CPU
		{B75384C4-C545-4511-A7FE-93D438B8AFA4}.Debug|Any CPU.Build.0 = Debug|Any CPU
		{B75384C4-C545-4511-A7FE-93D438B8AFA4}.Debug|Mixed Platforms.ActiveCfg = Debug|Any CPU
		{B75384C4-C545-4511-A7FE-93D438B8AFA4}.Debug|Mixed Platforms.Build.0 = Debug|Any CPU
		{B75384C4-C545-4511-A7FE-93D438B8AFA4}.Debug|x86.ActiveCfg = Debug|Any CPU
		{B75384C4-C545-4511-A7FE-93D438B8AFA4}.Release|Any CPU.ActiveCfg = Release|Any CPU
		{B75384C4-C545-4511-A7FE-93D438B8AFA4}.Release|Any CPU.Build.0 = Release|Any CPU
		{B75384C4-C545-4511-A7FE-93D438B8AFA4}.Release|Mixed Platforms.ActiveCfg = Release|Any CPU
		{B75384C4-C545-4511-A7FE-93D438B8AFA4}.Release|Mixed Platforms.Build.0 = Release|Any CPU
		{B75384C4-C545-4511-A7FE-93D438B8AFA4}.Release|x86.ActiveCfg = Release|Any CPU
		{89DC9575-C706-4D0D-944A-79E5865FFE88}.Debug|Any CPU.ActiveCfg = Debug|Any CPU
		{89DC9575-C706-4D0D-944A-79E5865FFE88}.Debug|Any CPU.Build.0 = Debug|Any CPU
		{89DC9575-C706-4D0D-944A-79E5865FFE88}.Debug|Mixed Platforms.ActiveCfg = Debug|x86
		{89DC9575-C706-4D0D-944A-79E5865FFE88}.Debug|Mixed Platforms.Build.0 = Debug|x86
		{89DC9575-C706-4D0D-944A-79E5865FFE88}.Debug|x86.ActiveCfg = Debug|Any CPU
		{89DC9575-C706-4D0D-944A-79E5865FFE88}.Release|Any CPU.ActiveCfg = Release|Any CPU
		{89DC9575-C706-4D0D-944A-79E5865FFE88}.Release|Any CPU.Build.0 = Release|Any CPU
		{89DC9575-C706-4D0D-944A-79E5865FFE88}.Release|Mixed Platforms.ActiveCfg = Release|Any CPU
		{89DC9575-C706-4D0D-944A-79E5865FFE88}.Release|Mixed Platforms.Build.0 = Release|Any CPU
		{89DC9575-C706-4D0D-944A-79E5865FFE88}.Release|x86.ActiveCfg = Release|Any CPU
		{2A3CC2FE-AB0E-44F6-B1CB-3290581DA442}.Debug|Any CPU.ActiveCfg = Debug|Any CPU
		{2A3CC2FE-AB0E-44F6-B1CB-3290581DA442}.Debug|Any CPU.Build.0 = Debug|Any CPU
		{2A3CC2FE-AB0E-44F6-B1CB-3290581DA442}.Debug|Mixed Platforms.ActiveCfg = Debug|x86
		{2A3CC2FE-AB0E-44F6-B1CB-3290581DA442}.Debug|Mixed Platforms.Build.0 = Debug|x86
		{2A3CC2FE-AB0E-44F6-B1CB-3290581DA442}.Debug|x86.ActiveCfg = Debug|Any CPU
		{2A3CC2FE-AB0E-44F6-B1CB-3290581DA442}.Release|Any CPU.ActiveCfg = Release|Any CPU
		{2A3CC2FE-AB0E-44F6-B1CB-3290581DA442}.Release|Any CPU.Build.0 = Release|Any CPU
		{2A3CC2FE-AB0E-44F6-B1CB-3290581DA442}.Release|Mixed Platforms.ActiveCfg = Release|Any CPU
		{2A3CC2FE-AB0E-44F6-B1CB-3290581DA442}.Release|Mixed Platforms.Build.0 = Release|Any CPU
		{2A3CC2FE-AB0E-44F6-B1CB-3290581DA442}.Release|x86.ActiveCfg = Release|Any CPU
		{F8D5E545-691B-4743-9177-3FF50CC67E74}.Debug|Any CPU.ActiveCfg = Debug|Any CPU
		{F8D5E545-691B-4743-9177-3FF50CC67E74}.Debug|Any CPU.Build.0 = Debug|Any CPU
		{F8D5E545-691B-4743-9177-3FF50CC67E74}.Debug|Mixed Platforms.ActiveCfg = Debug|x86
		{F8D5E545-691B-4743-9177-3FF50CC67E74}.Debug|Mixed Platforms.Build.0 = Debug|x86
		{F8D5E545-691B-4743-9177-3FF50CC67E74}.Debug|x86.ActiveCfg = Debug|Any CPU
		{F8D5E545-691B-4743-9177-3FF50CC67E74}.Release|Any CPU.ActiveCfg = Release|Any CPU
		{F8D5E545-691B-4743-9177-3FF50CC67E74}.Release|Any CPU.Build.0 = Release|Any CPU
		{F8D5E545-691B-4743-9177-3FF50CC67E74}.Release|Mixed Platforms.ActiveCfg = Release|Any CPU
		{F8D5E545-691B-4743-9177-3FF50CC67E74}.Release|Mixed Platforms.Build.0 = Release|Any CPU
		{F8D5E545-691B-4743-9177-3FF50CC67E74}.Release|x86.ActiveCfg = Release|Any CPU
		{121FDA60-757A-4F44-8F1C-6EDAB80B6102}.Debug|Any CPU.ActiveCfg = Debug|x86
		{121FDA60-757A-4F44-8F1C-6EDAB80B6102}.Debug|Mixed Platforms.ActiveCfg = Debug|x86
		{121FDA60-757A-4F44-8F1C-6EDAB80B6102}.Debug|Mixed Platforms.Build.0 = Debug|x86
		{121FDA60-757A-4F44-8F1C-6EDAB80B6102}.Debug|x86.ActiveCfg = Debug|x86
		{121FDA60-757A-4F44-8F1C-6EDAB80B6102}.Debug|x86.Build.0 = Debug|x86
		{121FDA60-757A-4F44-8F1C-6EDAB80B6102}.Release|Any CPU.ActiveCfg = Release|x86
		{121FDA60-757A-4F44-8F1C-6EDAB80B6102}.Release|Mixed Platforms.ActiveCfg = Release|x86
		{121FDA60-757A-4F44-8F1C-6EDAB80B6102}.Release|Mixed Platforms.Build.0 = Release|x86
		{121FDA60-757A-4F44-8F1C-6EDAB80B6102}.Release|x86.ActiveCfg = Release|x86
		{121FDA60-757A-4F44-8F1C-6EDAB80B6102}.Release|x86.Build.0 = Release|x86
	EndGlobalSection
	GlobalSection(SolutionProperties) = preSolution
		HideSolutionNode = FALSE
	EndGlobalSection
EndGlobal
